schema: '2.0'
stages:
  get_n_save_data:
    cmd: python src/stage_01_load_n_save_data.py
    deps:
    - path: src/stage_01_load_n_save_data.py
      md5: 5504fa91c26a94988828c1d3d702e4b1
      size: 1960
    - path: src/utils/common.py
      md5: 9f71ea88d976cfa75079eafb33966dfc
      size: 857
    outs:
    - path: artifacts/raw_local_dir/data.csv
      md5: beab4b619262caa674d1effc5571259c
      size: 199208135
  data_preprocessing:
    cmd: python src/stage_02_data_preprocessing.py
    deps:
    - path: src/stage_01_load_n_save_data.py
      md5: 5504fa91c26a94988828c1d3d702e4b1
      size: 1960
    - path: src/utils/common.py
      md5: 9f71ea88d976cfa75079eafb33966dfc
      size: 857
    outs:
    - path: artifacts/raw_local_dir/furnished_data.csv
      md5: 30c56bb1cce7f937429680a33e2280b3
      size: 502165534
